{
  "requires": true,
  "lockfileVersion": 1,
  "dependencies": {
    "tengzin-palindrome": {
      "version": "0.1.0",
      "resolved": "https://registry.npmjs.org/tengzin-palindrome/-/tengzin-palindrome-0.1.0.tgz",
      "integrity": "sha512-sCBVKxqUf8OPz5bj2ll3zpN4sBlE9W75RZgr1mnVo4gIa+1m+jEKBMTqghZp0Q952YZwhGcVg0PtXhkJMGF1Vw=="
    }
  }
}
